
Microsoft Visual Studio Solution File, Format Version 12.00
# Visual Studio Version 17
VisualStudioVersion = 17.5.33627.172
MinimumVisualStudioVersion = 10.0.40219.1
Project("{FAE04EC0-301F-11D3-BF4B-00C04F79EFBC}") = "Tyuiu.VasilevAA.Sprint1.Task0.V1", "Tyuiu.VasilevAA.Sprint1\Tyuiu.VasilevAA.Sprint1.Task0.V1.csproj", "{7811E15B-C0F7-4688-AE33-5E30C95F00C9}"
EndProject
Project("{2150E333-8FDC-42A3-9474-1A3956D46DE8}") = "Task0", "Task0", "{A19BA012-38CD-46FE-BAC5-34EF2228906B}"
EndProject
Project("{FAE04EC0-301F-11D3-BF4B-00C04F79EFBC}") = "Tyuiu.VasilevAA.Sprint1.Task0.V1.Lib", "Tyuiu.VasilevAA.Sprint1.Task0.V1.Lib\Tyuiu.VasilevAA.Sprint1.Task0.V1.Lib.csproj", "{668AE6EE-7026-4398-ACB5-305FED3D1733}"
EndProject
Project("{FAE04EC0-301F-11D3-BF4B-00C04F79EFBC}") = "Tyuiu.VasilevAA.Sprint1.Task0.V1.Test", "Tyuiu.VasilevAA.Sprint1.Task0.V1.Test\Tyuiu.VasilevAA.Sprint1.Task0.V1.Test.csproj", "{A0AC256E-66C8-444D-B52B-205F8DE5644D}"
EndProject
Project("{FAE04EC0-301F-11D3-BF4B-00C04F79EFBC}") = "Tyuiu.VasilevAA.Sprint1.Task0.V2", "Tyuiu.VasilevAA.Sprint1.Task0.V2\Tyuiu.VasilevAA.Sprint1.Task0.V2.csproj", "{25507FD1-D3D6-487A-970D-22BF951D21E0}"
EndProject
Project("{FAE04EC0-301F-11D3-BF4B-00C04F79EFBC}") = "Tyuiu.VasilevAA.Sprint1.Task0.V2.Lib", "Tyuiu.VasilevAA.Sprint1.Task0.V2.Lib\Tyuiu.VasilevAA.Sprint1.Task0.V2.Lib.csproj", "{CD01BAF4-1CBA-4B7B-9B81-F428BE049904}"
EndProject
Project("{FAE04EC0-301F-11D3-BF4B-00C04F79EFBC}") = "Tyuiu.VasilevAA.Sprint1.Task0.V2.Test", "Tyuiu.VasilevAA.Sprint1.Task0.V2.Test\Tyuiu.VasilevAA.Sprint1.Task0.V2.Test.csproj", "{EC7D8B52-D143-4601-8978-4AE6FC659223}"
EndProject
Project("{2150E333-8FDC-42A3-9474-1A3956D46DE8}") = "Task1", "Task1", "{1424BC9E-B4F9-4BC4-9FB2-1210E22C268C}"
EndProject
Project("{FAE04EC0-301F-11D3-BF4B-00C04F79EFBC}") = "Tyuiu.VasilevAA.Sprint1.Task1.V1", "Tyuiu.VasilevAA.Sprint1.Task1.V1\Tyuiu.VasilevAA.Sprint1.Task1.V1.csproj", "{5118BE7C-C4F1-4AD9-B781-A0950ECB795C}"
EndProject
Project("{FAE04EC0-301F-11D3-BF4B-00C04F79EFBC}") = "Tyuiu.VasilevAA.Sprint1.Task1.V1.Lib", "Tyuiu.VasilevAA.Sprint1.Task1.V1.Lib\Tyuiu.VasilevAA.Sprint1.Task1.V1.Lib.csproj", "{05327598-0B78-4170-8F7A-D0112661B12A}"
EndProject
Project("{FAE04EC0-301F-11D3-BF4B-00C04F79EFBC}") = "Tyuiu.VasilevAA.Sprint1.Task1.V1.Test", "Tyuiu.VasilevAA.Sprint1.Task1.V1.Test\Tyuiu.VasilevAA.Sprint1.Task1.V1.Test.csproj", "{26928FFC-0E23-4A75-9BCF-75D654E75657}"
EndProject
Project("{FAE04EC0-301F-11D3-BF4B-00C04F79EFBC}") = "Tyuiu.VasilevAA.Sprint1.Task1.V2", "Tyuiu.VasilevAA.Sprint1.Task1.V2\Tyuiu.VasilevAA.Sprint1.Task1.V2.csproj", "{3C41BE37-3741-4468-A80D-ADEC5552B1E0}"
EndProject
Project("{FAE04EC0-301F-11D3-BF4B-00C04F79EFBC}") = "Tyuiu.VasilevAA.Sprint1.Task1.V2.Lib", "Tyuiu.VasilevAA.Sprint1.Task1.V2.Lib\Tyuiu.VasilevAA.Sprint1.Task1.V2.Lib.csproj", "{20A3D821-4BCA-467E-B229-3BA66A042883}"
EndProject
Project("{FAE04EC0-301F-11D3-BF4B-00C04F79EFBC}") = "Tyuiu.VasilevAA.Sprint1.Task1.V2.Test", "Tyuiu.VasilevAA.Sprint1.Task1.V2.Test\Tyuiu.VasilevAA.Sprint1.Task1.V2.Test.csproj", "{28603514-E88C-4B62-AA4B-FD4707B3876A}"
EndProject
Project("{2150E333-8FDC-42A3-9474-1A3956D46DE8}") = "Task2", "Task2", "{FF16665F-4DCC-4EA7-B30B-489CF45BA28E}"
EndProject
Project("{FAE04EC0-301F-11D3-BF4B-00C04F79EFBC}") = "Tyuiu.VasilevAA.Sprint1.Task2.V1", "Tyuiu.VasilevAA.Sprint1.Task2.V1\Tyuiu.VasilevAA.Sprint1.Task2.V1.csproj", "{E3DBCCF5-E0CD-4377-A132-8EAAE1158BBB}"
EndProject
Project("{FAE04EC0-301F-11D3-BF4B-00C04F79EFBC}") = "Tyuiu.VasilevAA.Sprint1.Task2.V1.Lib", "Tyuiu.VasilevAA.Sprint1.Task2.V1.Lib\Tyuiu.VasilevAA.Sprint1.Task2.V1.Lib.csproj", "{2D5965CC-D425-4F99-938A-DB364DA71EA0}"
EndProject
Project("{FAE04EC0-301F-11D3-BF4B-00C04F79EFBC}") = "Tyuiu.VasilevAA.Sprint1.Task2.V1.Test", "Tyuiu.VasilevAA.Sprint1.Task2.V1.Test\Tyuiu.VasilevAA.Sprint1.Task2.V1.Test.csproj", "{88F5C620-E7A5-44E1-9AFE-220862E771E7}"
EndProject
Project("{FAE04EC0-301F-11D3-BF4B-00C04F79EFBC}") = "Tyuiu.VasilevAA.Sprint1.Task2.V2", "Tyuiu.VasilevAA.Sprint1.Task2.V2\Tyuiu.VasilevAA.Sprint1.Task2.V2.csproj", "{CF5B1623-10DE-43F6-8CC9-A828F1522951}"
EndProject
Project("{FAE04EC0-301F-11D3-BF4B-00C04F79EFBC}") = "Tyuiu.VasilevAA.Sprint1.Task2.V2.Lib", "Tyuiu.VasilevAA.Sprint1.Task2.V2.Lib\Tyuiu.VasilevAA.Sprint1.Task2.V2.Lib.csproj", "{04C91B18-EC08-4A00-AA85-297BF10EA0C4}"
EndProject
Project("{FAE04EC0-301F-11D3-BF4B-00C04F79EFBC}") = "Tyuiu.VasilevAA.Sprint1.Task2.V2.Test", "Tyuiu.VasilevAA.Sprint1.Task2.V2.Test\Tyuiu.VasilevAA.Sprint1.Task2.V2.Test.csproj", "{A24949B8-C665-4F07-AC8B-EDE09869FEEA}"
EndProject
Global
	GlobalSection(SolutionConfigurationPlatforms) = preSolution
		Debug|Any CPU = Debug|Any CPU
		Release|Any CPU = Release|Any CPU
	EndGlobalSection
	GlobalSection(ProjectConfigurationPlatforms) = postSolution
		{7811E15B-C0F7-4688-AE33-5E30C95F00C9}.Debug|Any CPU.ActiveCfg = Debug|Any CPU
		{7811E15B-C0F7-4688-AE33-5E30C95F00C9}.Debug|Any CPU.Build.0 = Debug|Any CPU
		{7811E15B-C0F7-4688-AE33-5E30C95F00C9}.Release|Any CPU.ActiveCfg = Release|Any CPU
		{7811E15B-C0F7-4688-AE33-5E30C95F00C9}.Release|Any CPU.Build.0 = Release|Any CPU
		{668AE6EE-7026-4398-ACB5-305FED3D1733}.Debug|Any CPU.ActiveCfg = Debug|Any CPU
		{668AE6EE-7026-4398-ACB5-305FED3D1733}.Debug|Any CPU.Build.0 = Debug|Any CPU
		{668AE6EE-7026-4398-ACB5-305FED3D1733}.Release|Any CPU.ActiveCfg = Release|Any CPU
		{668AE6EE-7026-4398-ACB5-305FED3D1733}.Release|Any CPU.Build.0 = Release|Any CPU
		{A0AC256E-66C8-444D-B52B-205F8DE5644D}.Debug|Any CPU.ActiveCfg = Debug|Any CPU
		{A0AC256E-66C8-444D-B52B-205F8DE5644D}.Debug|Any CPU.Build.0 = Debug|Any CPU
		{A0AC256E-66C8-444D-B52B-205F8DE5644D}.Release|Any CPU.ActiveCfg = Release|Any CPU
		{A0AC256E-66C8-444D-B52B-205F8DE5644D}.Release|Any CPU.Build.0 = Release|Any CPU
		{25507FD1-D3D6-487A-970D-22BF951D21E0}.Debug|Any CPU.ActiveCfg = Debug|Any CPU
		{25507FD1-D3D6-487A-970D-22BF951D21E0}.Debug|Any CPU.Build.0 = Debug|Any CPU
		{25507FD1-D3D6-487A-970D-22BF951D21E0}.Release|Any CPU.ActiveCfg = Release|Any CPU
		{25507FD1-D3D6-487A-970D-22BF951D21E0}.Release|Any CPU.Build.0 = Release|Any CPU
		{CD01BAF4-1CBA-4B7B-9B81-F428BE049904}.Debug|Any CPU.ActiveCfg = Debug|Any CPU
		{CD01BAF4-1CBA-4B7B-9B81-F428BE049904}.Debug|Any CPU.Build.0 = Debug|Any CPU
		{CD01BAF4-1CBA-4B7B-9B81-F428BE049904}.Release|Any CPU.ActiveCfg = Release|Any CPU
		{CD01BAF4-1CBA-4B7B-9B81-F428BE049904}.Release|Any CPU.Build.0 = Release|Any CPU
		{EC7D8B52-D143-4601-8978-4AE6FC659223}.Debug|Any CPU.ActiveCfg = Debug|Any CPU
		{EC7D8B52-D143-4601-8978-4AE6FC659223}.Debug|Any CPU.Build.0 = Debug|Any CPU
		{EC7D8B52-D143-4601-8978-4AE6FC659223}.Release|Any CPU.ActiveCfg = Release|Any CPU
		{EC7D8B52-D143-4601-8978-4AE6FC659223}.Release|Any CPU.Build.0 = Release|Any CPU
		{5118BE7C-C4F1-4AD9-B781-A0950ECB795C}.Debug|Any CPU.ActiveCfg = Debug|Any CPU
		{5118BE7C-C4F1-4AD9-B781-A0950ECB795C}.Debug|Any CPU.Build.0 = Debug|Any CPU
		{5118BE7C-C4F1-4AD9-B781-A0950ECB795C}.Release|Any CPU.ActiveCfg = Release|Any CPU
		{5118BE7C-C4F1-4AD9-B781-A0950ECB795C}.Release|Any CPU.Build.0 = Release|Any CPU
		{05327598-0B78-4170-8F7A-D0112661B12A}.Debug|Any CPU.ActiveCfg = Debug|Any CPU
		{05327598-0B78-4170-8F7A-D0112661B12A}.Debug|Any CPU.Build.0 = Debug|Any CPU
		{05327598-0B78-4170-8F7A-D0112661B12A}.Release|Any CPU.ActiveCfg = Release|Any CPU
		{05327598-0B78-4170-8F7A-D0112661B12A}.Release|Any CPU.Build.0 = Release|Any CPU
		{26928FFC-0E23-4A75-9BCF-75D654E75657}.Debug|Any CPU.ActiveCfg = Debug|Any CPU
		{26928FFC-0E23-4A75-9BCF-75D654E75657}.Debug|Any CPU.Build.0 = Debug|Any CPU
		{26928FFC-0E23-4A75-9BCF-75D654E75657}.Release|Any CPU.ActiveCfg = Release|Any CPU
		{26928FFC-0E23-4A75-9BCF-75D654E75657}.Release|Any CPU.Build.0 = Release|Any CPU
		{3C41BE37-3741-4468-A80D-ADEC5552B1E0}.Debug|Any CPU.ActiveCfg = Debug|Any CPU
		{3C41BE37-3741-4468-A80D-ADEC5552B1E0}.Debug|Any CPU.Build.0 = Debug|Any CPU
		{3C41BE37-3741-4468-A80D-ADEC5552B1E0}.Release|Any CPU.ActiveCfg = Release|Any CPU
		{3C41BE37-3741-4468-A80D-ADEC5552B1E0}.Release|Any CPU.Build.0 = Release|Any CPU
		{20A3D821-4BCA-467E-B229-3BA66A042883}.Debug|Any CPU.ActiveCfg = Debug|Any CPU
		{20A3D821-4BCA-467E-B229-3BA66A042883}.Debug|Any CPU.Build.0 = Debug|Any CPU
		{20A3D821-4BCA-467E-B229-3BA66A042883}.Release|Any CPU.ActiveCfg = Release|Any CPU
		{20A3D821-4BCA-467E-B229-3BA66A042883}.Release|Any CPU.Build.0 = Release|Any CPU
		{28603514-E88C-4B62-AA4B-FD4707B3876A}.Debug|Any CPU.ActiveCfg = Debug|Any CPU
		{28603514-E88C-4B62-AA4B-FD4707B3876A}.Debug|Any CPU.Build.0 = Debug|Any CPU
		{28603514-E88C-4B62-AA4B-FD4707B3876A}.Release|Any CPU.ActiveCfg = Release|Any CPU
		{28603514-E88C-4B62-AA4B-FD4707B3876A}.Release|Any CPU.Build.0 = Release|Any CPU
		{E3DBCCF5-E0CD-4377-A132-8EAAE1158BBB}.Debug|Any CPU.ActiveCfg = Debug|Any CPU
		{E3DBCCF5-E0CD-4377-A132-8EAAE1158BBB}.Debug|Any CPU.Build.0 = Debug|Any CPU
		{E3DBCCF5-E0CD-4377-A132-8EAAE1158BBB}.Release|Any CPU.ActiveCfg = Release|Any CPU
		{E3DBCCF5-E0CD-4377-A132-8EAAE1158BBB}.Release|Any CPU.Build.0 = Release|Any CPU
		{2D5965CC-D425-4F99-938A-DB364DA71EA0}.Debug|Any CPU.ActiveCfg = Debug|Any CPU
		{2D5965CC-D425-4F99-938A-DB364DA71EA0}.Debug|Any CPU.Build.0 = Debug|Any CPU
		{2D5965CC-D425-4F99-938A-DB364DA71EA0}.Release|Any CPU.ActiveCfg = Release|Any CPU
		{2D5965CC-D425-4F99-938A-DB364DA71EA0}.Release|Any CPU.Build.0 = Release|Any CPU
		{88F5C620-E7A5-44E1-9AFE-220862E771E7}.Debug|Any CPU.ActiveCfg = Debug|Any CPU
		{88F5C620-E7A5-44E1-9AFE-220862E771E7}.Debug|Any CPU.Build.0 = Debug|Any CPU
		{88F5C620-E7A5-44E1-9AFE-220862E771E7}.Release|Any CPU.ActiveCfg = Release|Any CPU
		{88F5C620-E7A5-44E1-9AFE-220862E771E7}.Release|Any CPU.Build.0 = Release|Any CPU
		{CF5B1623-10DE-43F6-8CC9-A828F1522951}.Debug|Any CPU.ActiveCfg = Debug|Any CPU
		{CF5B1623-10DE-43F6-8CC9-A828F1522951}.Debug|Any CPU.Build.0 = Debug|Any CPU
		{CF5B1623-10DE-43F6-8CC9-A828F1522951}.Release|Any CPU.ActiveCfg = Release|Any CPU
		{CF5B1623-10DE-43F6-8CC9-A828F1522951}.Release|Any CPU.Build.0 = Release|Any CPU
		{04C91B18-EC08-4A00-AA85-297BF10EA0C4}.Debug|Any CPU.ActiveCfg = Debug|Any CPU
		{04C91B18-EC08-4A00-AA85-297BF10EA0C4}.Debug|Any CPU.Build.0 = Debug|Any CPU
		{04C91B18-EC08-4A00-AA85-297BF10EA0C4}.Release|Any CPU.ActiveCfg = Release|Any CPU
		{04C91B18-EC08-4A00-AA85-297BF10EA0C4}.Release|Any CPU.Build.0 = Release|Any CPU
		{A24949B8-C665-4F07-AC8B-EDE09869FEEA}.Debug|Any CPU.ActiveCfg = Debug|Any CPU
		{A24949B8-C665-4F07-AC8B-EDE09869FEEA}.Debug|Any CPU.Build.0 = Debug|Any CPU
		{A24949B8-C665-4F07-AC8B-EDE09869FEEA}.Release|Any CPU.ActiveCfg = Release|Any CPU
		{A24949B8-C665-4F07-AC8B-EDE09869FEEA}.Release|Any CPU.Build.0 = Release|Any CPU
	EndGlobalSection
	GlobalSection(SolutionProperties) = preSolution
		HideSolutionNode = FALSE
	EndGlobalSection
	GlobalSection(NestedProjects) = preSolution
		{7811E15B-C0F7-4688-AE33-5E30C95F00C9} = {A19BA012-38CD-46FE-BAC5-34EF2228906B}
		{668AE6EE-7026-4398-ACB5-305FED3D1733} = {A19BA012-38CD-46FE-BAC5-34EF2228906B}
		{A0AC256E-66C8-444D-B52B-205F8DE5644D} = {A19BA012-38CD-46FE-BAC5-34EF2228906B}
		{25507FD1-D3D6-487A-970D-22BF951D21E0} = {A19BA012-38CD-46FE-BAC5-34EF2228906B}
		{CD01BAF4-1CBA-4B7B-9B81-F428BE049904} = {A19BA012-38CD-46FE-BAC5-34EF2228906B}
		{EC7D8B52-D143-4601-8978-4AE6FC659223} = {A19BA012-38CD-46FE-BAC5-34EF2228906B}
		{5118BE7C-C4F1-4AD9-B781-A0950ECB795C} = {1424BC9E-B4F9-4BC4-9FB2-1210E22C268C}
		{05327598-0B78-4170-8F7A-D0112661B12A} = {1424BC9E-B4F9-4BC4-9FB2-1210E22C268C}
		{26928FFC-0E23-4A75-9BCF-75D654E75657} = {1424BC9E-B4F9-4BC4-9FB2-1210E22C268C}
		{3C41BE37-3741-4468-A80D-ADEC5552B1E0} = {1424BC9E-B4F9-4BC4-9FB2-1210E22C268C}
		{20A3D821-4BCA-467E-B229-3BA66A042883} = {1424BC9E-B4F9-4BC4-9FB2-1210E22C268C}
		{28603514-E88C-4B62-AA4B-FD4707B3876A} = {1424BC9E-B4F9-4BC4-9FB2-1210E22C268C}
		{E3DBCCF5-E0CD-4377-A132-8EAAE1158BBB} = {FF16665F-4DCC-4EA7-B30B-489CF45BA28E}
		{2D5965CC-D425-4F99-938A-DB364DA71EA0} = {FF16665F-4DCC-4EA7-B30B-489CF45BA28E}
		{88F5C620-E7A5-44E1-9AFE-220862E771E7} = {FF16665F-4DCC-4EA7-B30B-489CF45BA28E}
		{CF5B1623-10DE-43F6-8CC9-A828F1522951} = {FF16665F-4DCC-4EA7-B30B-489CF45BA28E}
		{04C91B18-EC08-4A00-AA85-297BF10EA0C4} = {FF16665F-4DCC-4EA7-B30B-489CF45BA28E}
		{A24949B8-C665-4F07-AC8B-EDE09869FEEA} = {FF16665F-4DCC-4EA7-B30B-489CF45BA28E}
	EndGlobalSection
	GlobalSection(ExtensibilityGlobals) = postSolution
		SolutionGuid = {83692018-3BA5-4A17-8486-99E88C56F90F}
	EndGlobalSection
EndGlobal
